PODS:
  - RxAudioVisual (1.1.0):
    - RxCocoa (~> 4.0)
    - RxSwift (~> 4.0)
  - RxCocoa (4.0.0):
    - RxSwift (~> 4.0)
  - RxSwift (4.0.0)
  - SwiftyBeaver (1.4.2)

DEPENDENCIES:
  - RxAudioVisual (from `./../`)
  - RxCocoa
  - RxSwift
  - SwiftyBeaver

SPEC REPOS:
  https://github.com/CocoaPods/Specs.git:
    - RxCocoa
    - RxSwift
    - SwiftyBeaver

EXTERNAL SOURCES:
  RxAudioVisual:
    :path: "./../"

SPEC CHECKSUMS:
  RxAudioVisual: 61e32ad85a3a527ec3227c7edf8beaaa0e3dd419
  RxCocoa: d62846ca96495d862fa4c59ea7d87e5031d7340e
  RxSwift: fd680d75283beb5e2559486f3c0ff852f0d35334
  SwiftyBeaver: 91057725648ee4980308f1650af077d04b3654a0

PODFILE CHECKSUM: ba7e233cc251990aeff1b39975986633444389cd

COCOAPODS: 1.5.0
